// !$*UTF8*$!
{
	archiveVersion = 1;
	classes = {
	};
	objectVersion = 46;
	objects = {

/* Begin PBXBuildFile section */
		1475D9EF1BE056CC00EF80D2 /* UIImage+NJ.m in Sources */ = {isa = PBXBuildFile; fileRef = 1475D9EE1BE056CC00EF80D2 /* UIImage+NJ.m */; settings = {ASSET_TAGS = (); }; };
		1475D9F21BE0576800EF80D2 /* AVPlayerManager.m in Sources */ = {isa = PBXBuildFile; fileRef = 1475D9F11BE0576800EF80D2 /* AVPlayerManager.m */; settings = {ASSET_TAGS = (); }; };
		14C413A01BDDC2ED00BD07F4 /* Main.storyboard in Resources */ = {isa = PBXBuildFile; fileRef = 14C4139E1BDDC2ED00BD07F4 /* Main.storyboard */; };
		14C413A51BDDC2ED00BD07F4 /* LaunchScreen.storyboard in Resources */ = {isa = PBXBuildFile; fileRef = 14C413A31BDDC2ED00BD07F4 /* LaunchScreen.storyboard */; };
		14C413B01BDDC2ED00BD07F4 /* AudioPlayerTests.m in Sources */ = {isa = PBXBuildFile; fileRef = 14C413AF1BDDC2ED00BD07F4 /* AudioPlayerTests.m */; };
		14C413BB1BDDC2ED00BD07F4 /* AudioPlayerUITests.m in Sources */ = {isa = PBXBuildFile; fileRef = 14C413BA1BDDC2ED00BD07F4 /* AudioPlayerUITests.m */; };
		14C414341BDE4B6200BD07F4 /* PlayerViewController.m in Sources */ = {isa = PBXBuildFile; fileRef = 14C414031BDE4B6200BD07F4 /* PlayerViewController.m */; settings = {ASSET_TAGS = (); }; };
		14C414351BDE4B6200BD07F4 /* PlayListViewController.m in Sources */ = {isa = PBXBuildFile; fileRef = 14C414091BDE4B6200BD07F4 /* PlayListViewController.m */; settings = {ASSET_TAGS = (); }; };
		14C414361BDE4B6200BD07F4 /* AppDelegate.m in Sources */ = {isa = PBXBuildFile; fileRef = 14C4140E1BDE4B6200BD07F4 /* AppDelegate.m */; settings = {ASSET_TAGS = (); }; };
		14C414371BDE4B6200BD07F4 /* Assets.xcassets in Resources */ = {isa = PBXBuildFile; fileRef = 14C4140F1BDE4B6200BD07F4 /* Assets.xcassets */; settings = {ASSET_TAGS = (); }; };
		14C414391BDE4B6200BD07F4 /* logo.tiff in Resources */ = {isa = PBXBuildFile; fileRef = 14C414111BDE4B6200BD07F4 /* logo.tiff */; settings = {ASSET_TAGS = (); }; };
		14C4143A1BDE4B6200BD07F4 /* main.m in Sources */ = {isa = PBXBuildFile; fileRef = 14C414121BDE4B6200BD07F4 /* main.m */; settings = {ASSET_TAGS = (); }; };
		14C4143B1BDE4B6200BD07F4 /* ViewController.m in Sources */ = {isa = PBXBuildFile; fileRef = 14C414141BDE4B6200BD07F4 /* ViewController.m */; settings = {ASSET_TAGS = (); }; };
		14C4143C1BDE4B6200BD07F4 /* NSData+ImageContentType.m in Sources */ = {isa = PBXBuildFile; fileRef = 14C414181BDE4B6200BD07F4 /* NSData+ImageContentType.m */; settings = {ASSET_TAGS = (); }; };
		14C4143D1BDE4B6200BD07F4 /* SDImageCache.m in Sources */ = {isa = PBXBuildFile; fileRef = 14C4141A1BDE4B6200BD07F4 /* SDImageCache.m */; settings = {ASSET_TAGS = (); }; };
		14C4143E1BDE4B6200BD07F4 /* SDWebImageCompat.m in Sources */ = {isa = PBXBuildFile; fileRef = 14C4141C1BDE4B6200BD07F4 /* SDWebImageCompat.m */; settings = {ASSET_TAGS = (); }; };
		14C4143F1BDE4B6200BD07F4 /* SDWebImageDecoder.m in Sources */ = {isa = PBXBuildFile; fileRef = 14C4141E1BDE4B6200BD07F4 /* SDWebImageDecoder.m */; settings = {ASSET_TAGS = (); }; };
		14C414401BDE4B6200BD07F4 /* SDWebImageDownloader.m in Sources */ = {isa = PBXBuildFile; fileRef = 14C414201BDE4B6200BD07F4 /* SDWebImageDownloader.m */; settings = {ASSET_TAGS = (); }; };
		14C414411BDE4B6200BD07F4 /* SDWebImageDownloaderOperation.m in Sources */ = {isa = PBXBuildFile; fileRef = 14C414221BDE4B6200BD07F4 /* SDWebImageDownloaderOperation.m */; settings = {ASSET_TAGS = (); }; };
		14C414421BDE4B6200BD07F4 /* SDWebImageManager.m in Sources */ = {isa = PBXBuildFile; fileRef = 14C414241BDE4B6200BD07F4 /* SDWebImageManager.m */; settings = {ASSET_TAGS = (); }; };
		14C414431BDE4B6200BD07F4 /* SDWebImagePrefetcher.m in Sources */ = {isa = PBXBuildFile; fileRef = 14C414271BDE4B6200BD07F4 /* SDWebImagePrefetcher.m */; settings = {ASSET_TAGS = (); }; };
		14C414441BDE4B6200BD07F4 /* UIButton+WebCache.m in Sources */ = {isa = PBXBuildFile; fileRef = 14C414291BDE4B6200BD07F4 /* UIButton+WebCache.m */; settings = {ASSET_TAGS = (); }; };
		14C414451BDE4B6200BD07F4 /* UIImage+GIF.m in Sources */ = {isa = PBXBuildFile; fileRef = 14C4142B1BDE4B6200BD07F4 /* UIImage+GIF.m */; settings = {ASSET_TAGS = (); }; };
		14C414461BDE4B6200BD07F4 /* UIImage+MultiFormat.m in Sources */ = {isa = PBXBuildFile; fileRef = 14C4142D1BDE4B6200BD07F4 /* UIImage+MultiFormat.m */; settings = {ASSET_TAGS = (); }; };
		14C414471BDE4B6200BD07F4 /* UIImageView+HighlightedWebCache.m in Sources */ = {isa = PBXBuildFile; fileRef = 14C4142F1BDE4B6200BD07F4 /* UIImageView+HighlightedWebCache.m */; settings = {ASSET_TAGS = (); }; };
		14C414481BDE4B6200BD07F4 /* UIImageView+WebCache.m in Sources */ = {isa = PBXBuildFile; fileRef = 14C414311BDE4B6200BD07F4 /* UIImageView+WebCache.m */; settings = {ASSET_TAGS = (); }; };
		14C414491BDE4B6200BD07F4 /* UIView+WebCacheOperation.m in Sources */ = {isa = PBXBuildFile; fileRef = 14C414331BDE4B6200BD07F4 /* UIView+WebCacheOperation.m */; settings = {ASSET_TAGS = (); }; };
		14C4144F1BDE4D5F00BD07F4 /* PlayListTableViewCell.m in Sources */ = {isa = PBXBuildFile; fileRef = 14C4144E1BDE4D5F00BD07F4 /* PlayListTableViewCell.m */; settings = {ASSET_TAGS = (); }; };
		14C414521BDE4F1900BD07F4 /* NSArray+Log.m in Sources */ = {isa = PBXBuildFile; fileRef = 14C414511BDE4F1900BD07F4 /* NSArray+Log.m */; settings = {ASSET_TAGS = (); }; };
		14C414551BDE4F2A00BD07F4 /* UIView+CGRect.m in Sources */ = {isa = PBXBuildFile; fileRef = 14C414541BDE4F2A00BD07F4 /* UIView+CGRect.m */; settings = {ASSET_TAGS = (); }; };
		14C4145C1BDE504D00BD07F4 /* Info.plist in Resources */ = {isa = PBXBuildFile; fileRef = 14C4145B1BDE504D00BD07F4 /* Info.plist */; settings = {ASSET_TAGS = (); }; };
		14C414601BDE516200BD07F4 /* PlayListModel.m in Sources */ = {isa = PBXBuildFile; fileRef = 14C4145F1BDE516200BD07F4 /* PlayListModel.m */; settings = {ASSET_TAGS = (); }; };
/* End PBXBuildFile section */

/* Begin PBXContainerItemProxy section */
		14C413AC1BDDC2ED00BD07F4 /* PBXContainerItemProxy */ = {
			isa = PBXContainerItemProxy;
			containerPortal = 14C4138A1BDDC2EC00BD07F4 /* Project object */;
			proxyType = 1;
			remoteGlobalIDString = 14C413911BDDC2ED00BD07F4;
			remoteInfo = AudioPlayer;
		};
		14C413B71BDDC2ED00BD07F4 /* PBXContainerItemProxy */ = {
			isa = PBXContainerItemProxy;
			containerPortal = 14C4138A1BDDC2EC00BD07F4 /* Project object */;
			proxyType = 1;
			remoteGlobalIDString = 14C413911BDDC2ED00BD07F4;
			remoteInfo = AudioPlayer;
		};
/* End PBXContainerItemProxy section */

/* Begin PBXFileReference section */
		1475D9ED1BE056CC00EF80D2 /* UIImage+NJ.h */ = {isa = PBXFileReference; fileEncoding = 4; lastKnownFileType = sourcecode.c.h; path = "UIImage+NJ.h"; sourceTree = "<group>"; };
		1475D9EE1BE056CC00EF80D2 /* UIImage+NJ.m */ = {isa = PBXFileReference; fileEncoding = 4; lastKnownFileType = sourcecode.c.objc; path = "UIImage+NJ.m"; sourceTree = "<group>"; };
		1475D9F01BE0576800EF80D2 /* AVPlayerManager.h */ = {isa = PBXFileReference; fileEncoding = 4; lastKnownFileType = sourcecode.c.h; path = AVPlayerManager.h; sourceTree = "<group>"; };
		1475D9F11BE0576800EF80D2 /* AVPlayerManager.m */ = {isa = PBXFileReference; fileEncoding = 4; lastKnownFileType = sourcecode.c.objc; path = AVPlayerManager.m; sourceTree = "<group>"; };
		1475D9F31BE05AD100EF80D2 /* URL.h */ = {isa = PBXFileReference; fileEncoding = 4; lastKnownFileType = sourcecode.c.h; path = URL.h; sourceTree = "<group>"; };
		14C413921BDDC2ED00BD07F4 /* AudioPlayer.app */ = {isa = PBXFileReference; explicitFileType = wrapper.application; includeInIndex = 0; path = AudioPlayer.app; sourceTree = BUILT_PRODUCTS_DIR; };
		14C4139F1BDDC2ED00BD07F4 /* Base */ = {isa = PBXFileReference; lastKnownFileType = file.storyboard; name = Base; path = Base.lproj/Main.storyboard; sourceTree = "<group>"; };
		14C413A41BDDC2ED00BD07F4 /* Base */ = {isa = PBXFileReference; lastKnownFileType = file.storyboard; name = Base; path = Base.lproj/LaunchScreen.storyboard; sourceTree = "<group>"; };
		14C413AB1BDDC2ED00BD07F4 /* AudioPlayerTests.xctest */ = {isa = PBXFileReference; explicitFileType = wrapper.cfbundle; includeInIndex = 0; path = AudioPlayerTests.xctest; sourceTree = BUILT_PRODUCTS_DIR; };
		14C413AF1BDDC2ED00BD07F4 /* AudioPlayerTests.m */ = {isa = PBXFileReference; lastKnownFileType = sourcecode.c.objc; path = AudioPlayerTests.m; sourceTree = "<group>"; };
		14C413B11BDDC2ED00BD07F4 /* Info.plist */ = {isa = PBXFileReference; lastKnownFileType = text.plist.xml; path = Info.plist; sourceTree = "<group>"; };
		14C413B61BDDC2ED00BD07F4 /* AudioPlayerUITests.xctest */ = {isa = PBXFileReference; explicitFileType = wrapper.cfbundle; includeInIndex = 0; path = AudioPlayerUITests.xctest; sourceTree = BUILT_PRODUCTS_DIR; };
		14C413BA1BDDC2ED00BD07F4 /* AudioPlayerUITests.m */ = {isa = PBXFileReference; lastKnownFileType = sourcecode.c.objc; path = AudioPlayerUITests.m; sourceTree = "<group>"; };
		14C413BC1BDDC2ED00BD07F4 /* Info.plist */ = {isa = PBXFileReference; lastKnownFileType = text.plist.xml; path = Info.plist; sourceTree = "<group>"; };
		14C414021BDE4B6200BD07F4 /* PlayerViewController.h */ = {isa = PBXFileReference; fileEncoding = 4; lastKnownFileType = sourcecode.c.h; path = PlayerViewController.h; sourceTree = "<group>"; };
		14C414031BDE4B6200BD07F4 /* PlayerViewController.m */ = {isa = PBXFileReference; fileEncoding = 4; lastKnownFileType = sourcecode.c.objc; path = PlayerViewController.m; sourceTree = "<group>"; };
		14C414081BDE4B6200BD07F4 /* PlayListViewController.h */ = {isa = PBXFileReference; fileEncoding = 4; lastKnownFileType = sourcecode.c.h; path = PlayListViewController.h; sourceTree = "<group>"; };
		14C414091BDE4B6200BD07F4 /* PlayListViewController.m */ = {isa = PBXFileReference; fileEncoding = 4; lastKnownFileType = sourcecode.c.objc; path = PlayListViewController.m; sourceTree = "<group>"; };
		14C4140D1BDE4B6200BD07F4 /* AppDelegate.h */ = {isa = PBXFileReference; fileEncoding = 4; lastKnownFileType = sourcecode.c.h; path = AppDelegate.h; sourceTree = "<group>"; };
		14C4140E1BDE4B6200BD07F4 /* AppDelegate.m */ = {isa = PBXFileReference; fileEncoding = 4; lastKnownFileType = sourcecode.c.objc; path = AppDelegate.m; sourceTree = "<group>"; };
		14C4140F1BDE4B6200BD07F4 /* Assets.xcassets */ = {isa = PBXFileReference; lastKnownFileType = folder.assetcatalog; path = Assets.xcassets; sourceTree = "<group>"; };
		14C414111BDE4B6200BD07F4 /* logo.tiff */ = {isa = PBXFileReference; lastKnownFileType = image.tiff; path = logo.tiff; sourceTree = "<group>"; };
		14C414121BDE4B6200BD07F4 /* main.m */ = {isa = PBXFileReference; fileEncoding = 4; lastKnownFileType = sourcecode.c.objc; name = main.m; path = Other/main.m; sourceTree = "<group>"; };
		14C414131BDE4B6200BD07F4 /* ViewController.h */ = {isa = PBXFileReference; fileEncoding = 4; lastKnownFileType = sourcecode.c.h; path = ViewController.h; sourceTree = "<group>"; };
		14C414141BDE4B6200BD07F4 /* ViewController.m */ = {isa = PBXFileReference; fileEncoding = 4; lastKnownFileType = sourcecode.c.objc; path = ViewController.m; sourceTree = "<group>"; };
		14C414171BDE4B6200BD07F4 /* NSData+ImageContentType.h */ = {isa = PBXFileReference; fileEncoding = 4; lastKnownFileType = sourcecode.c.h; path = "NSData+ImageContentType.h"; sourceTree = "<group>"; };
		14C414181BDE4B6200BD07F4 /* NSData+ImageContentType.m */ = {isa = PBXFileReference; fileEncoding = 4; lastKnownFileType = sourcecode.c.objc; path = "NSData+ImageContentType.m"; sourceTree = "<group>"; };
		14C414191BDE4B6200BD07F4 /* SDImageCache.h */ = {isa = PBXFileReference; fileEncoding = 4; lastKnownFileType = sourcecode.c.h; path = SDImageCache.h; sourceTree = "<group>"; };
		14C4141A1BDE4B6200BD07F4 /* SDImageCache.m */ = {isa = PBXFileReference; fileEncoding = 4; lastKnownFileType = sourcecode.c.objc; path = SDImageCache.m; sourceTree = "<group>"; };
		14C4141B1BDE4B6200BD07F4 /* SDWebImageCompat.h */ = {isa = PBXFileReference; fileEncoding = 4; lastKnownFileType = sourcecode.c.h; path = SDWebImageCompat.h; sourceTree = "<group>"; };
		14C4141C1BDE4B6200BD07F4 /* SDWebImageCompat.m */ = {isa = PBXFileReference; fileEncoding = 4; lastKnownFileType = sourcecode.c.objc; path = SDWebImageCompat.m; sourceTree = "<group>"; };
		14C4141D1BDE4B6200BD07F4 /* SDWebImageDecoder.h */ = {isa = PBXFileReference; fileEncoding = 4; lastKnownFileType = sourcecode.c.h; path = SDWebImageDecoder.h; sourceTree = "<group>"; };
		14C4141E1BDE4B6200BD07F4 /* SDWebImageDecoder.m */ = {isa = PBXFileReference; fileEncoding = 4; lastKnownFileType = sourcecode.c.objc; path = SDWebImageDecoder.m; sourceTree = "<group>"; };
		14C4141F1BDE4B6200BD07F4 /* SDWebImageDownloader.h */ = {isa = PBXFileReference; fileEncoding = 4; lastKnownFileType = sourcecode.c.h; path = SDWebImageDownloader.h; sourceTree = "<group>"; };
		14C414201BDE4B6200BD07F4 /* SDWebImageDownloader.m */ = {isa = PBXFileReference; fileEncoding = 4; lastKnownFileType = sourcecode.c.objc; path = SDWebImageDownloader.m; sourceTree = "<group>"; };
		14C414211BDE4B6200BD07F4 /* SDWebImageDownloaderOperation.h */ = {isa = PBXFileReference; fileEncoding = 4; lastKnownFileType = sourcecode.c.h; path = SDWebImageDownloaderOperation.h; sourceTree = "<group>"; };
		14C414221BDE4B6200BD07F4 /* SDWebImageDownloaderOperation.m */ = {isa = PBXFileReference; fileEncoding = 4; lastKnownFileType = sourcecode.c.objc; path = SDWebImageDownloaderOperation.m; sourceTree = "<group>"; };
		14C414231BDE4B6200BD07F4 /* SDWebImageManager.h */ = {isa = PBXFileReference; fileEncoding = 4; lastKnownFileType = sourcecode.c.h; path = SDWebImageManager.h; sourceTree = "<group>"; };
		14C414241BDE4B6200BD07F4 /* SDWebImageManager.m */ = {isa = PBXFileReference; fileEncoding = 4; lastKnownFileType = sourcecode.c.objc; path = SDWebImageManager.m; sourceTree = "<group>"; };
		14C414251BDE4B6200BD07F4 /* SDWebImageOperation.h */ = {isa = PBXFileReference; fileEncoding = 4; lastKnownFileType = sourcecode.c.h; path = SDWebImageOperation.h; sourceTree = "<group>"; };
		14C414261BDE4B6200BD07F4 /* SDWebImagePrefetcher.h */ = {isa = PBXFileReference; fileEncoding = 4; lastKnownFileType = sourcecode.c.h; path = SDWebImagePrefetcher.h; sourceTree = "<group>"; };
		14C414271BDE4B6200BD07F4 /* SDWebImagePrefetcher.m */ = {isa = PBXFileReference; fileEncoding = 4; lastKnownFileType = sourcecode.c.objc; path = SDWebImagePrefetcher.m; sourceTree = "<group>"; };
		14C414281BDE4B6200BD07F4 /* UIButton+WebCache.h */ = {isa = PBXFileReference; fileEncoding = 4; lastKnownFileType = sourcecode.c.h; path = "UIButton+WebCache.h"; sourceTree = "<group>"; };
		14C414291BDE4B6200BD07F4 /* UIButton+WebCache.m */ = {isa = PBXFileReference; fileEncoding = 4; lastKnownFileType = sourcecode.c.objc; path = "UIButton+WebCache.m"; sourceTree = "<group>"; };
		14C4142A1BDE4B6200BD07F4 /* UIImage+GIF.h */ = {isa = PBXFileReference; fileEncoding = 4; lastKnownFileType = sourcecode.c.h; path = "UIImage+GIF.h"; sourceTree = "<group>"; };
		14C4142B1BDE4B6200BD07F4 /* UIImage+GIF.m */ = {isa = PBXFileReference; fileEncoding = 4; lastKnownFileType = sourcecode.c.objc; path = "UIImage+GIF.m"; sourceTree = "<group>"; };
		14C4142C1BDE4B6200BD07F4 /* UIImage+MultiFormat.h */ = {isa = PBXFileReference; fileEncoding = 4; lastKnownFileType = sourcecode.c.h; path = "UIImage+MultiFormat.h"; sourceTree = "<group>"; };
		14C4142D1BDE4B6200BD07F4 /* UIImage+MultiFormat.m */ = {isa = PBXFileReference; fileEncoding = 4; lastKnownFileType = sourcecode.c.objc; path = "UIImage+MultiFormat.m"; sourceTree = "<group>"; };
		14C4142E1BDE4B6200BD07F4 /* UIImageView+HighlightedWebCache.h */ = {isa = PBXFileReference; fileEncoding = 4; lastKnownFileType = sourcecode.c.h; path = "UIImageView+HighlightedWebCache.h"; sourceTree = "<group>"; };
		14C4142F1BDE4B6200BD07F4 /* UIImageView+HighlightedWebCache.m */ = {isa = PBXFileReference; fileEncoding = 4; lastKnownFileType = sourcecode.c.objc; path = "UIImageView+HighlightedWebCache.m"; sourceTree = "<group>"; };
		14C414301BDE4B6200BD07F4 /* UIImageView+WebCache.h */ = {isa = PBXFileReference; fileEncoding = 4; lastKnownFileType = sourcecode.c.h; path = "UIImageView+WebCache.h"; sourceTree = "<group>"; };
		14C414311BDE4B6200BD07F4 /* UIImageView+WebCache.m */ = {isa = PBXFileReference; fileEncoding = 4; lastKnownFileType = sourcecode.c.objc; path = "UIImageView+WebCache.m"; sourceTree = "<group>"; };
		14C414321BDE4B6200BD07F4 /* UIView+WebCacheOperation.h */ = {isa = PBXFileReference; fileEncoding = 4; lastKnownFileType = sourcecode.c.h; path = "UIView+WebCacheOperation.h"; sourceTree = "<group>"; };
		14C414331BDE4B6200BD07F4 /* UIView+WebCacheOperation.m */ = {isa = PBXFileReference; fileEncoding = 4; lastKnownFileType = sourcecode.c.objc; path = "UIView+WebCacheOperation.m"; sourceTree = "<group>"; };
		14C4144D1BDE4D5F00BD07F4 /* PlayListTableViewCell.h */ = {isa = PBXFileReference; fileEncoding = 4; lastKnownFileType = sourcecode.c.h; path = PlayListTableViewCell.h; sourceTree = "<group>"; };
		14C4144E1BDE4D5F00BD07F4 /* PlayListTableViewCell.m */ = {isa = PBXFileReference; fileEncoding = 4; lastKnownFileType = sourcecode.c.objc; path = PlayListTableViewCell.m; sourceTree = "<group>"; };
		14C414501BDE4F1900BD07F4 /* NSArray+Log.h */ = {isa = PBXFileReference; fileEncoding = 4; lastKnownFileType = sourcecode.c.h; path = "NSArray+Log.h"; sourceTree = "<group>"; };
		14C414511BDE4F1900BD07F4 /* NSArray+Log.m */ = {isa = PBXFileReference; fileEncoding = 4; lastKnownFileType = sourcecode.c.objc; path = "NSArray+Log.m"; sourceTree = "<group>"; };
		14C414531BDE4F2A00BD07F4 /* UIView+CGRect.h */ = {isa = PBXFileReference; fileEncoding = 4; lastKnownFileType = sourcecode.c.h; path = "UIView+CGRect.h"; sourceTree = "<group>"; };
		14C414541BDE4F2A00BD07F4 /* UIView+CGRect.m */ = {isa = PBXFileReference; fileEncoding = 4; lastKnownFileType = sourcecode.c.objc; path = "UIView+CGRect.m"; sourceTree = "<group>"; };
		14C414571BDE4F7B00BD07F4 /* EVASingleton.h */ = {isa = PBXFileReference; lastKnownFileType = sourcecode.c.h; path = EVASingleton.h; sourceTree = "<group>"; };
		14C4145B1BDE504D00BD07F4 /* Info.plist */ = {isa = PBXFileReference; fileEncoding = 4; lastKnownFileType = text.plist.xml; name = Info.plist; path = AudioPlayer/Info.plist; sourceTree = SOURCE_ROOT; };
		14C4145D1BDE50EE00BD07F4 /* PrefixHeader.pch */ = {isa = PBXFileReference; fileEncoding = 4; lastKnownFileType = sourcecode.c.h; name = PrefixHeader.pch; path = AudioPlayer/PrefixHeader.pch; sourceTree = SOURCE_ROOT; };
		14C4145E1BDE516200BD07F4 /* PlayListModel.h */ = {isa = PBXFileReference; fileEncoding = 4; lastKnownFileType = sourcecode.c.h; path = PlayListModel.h; sourceTree = "<group>"; };
		14C4145F1BDE516200BD07F4 /* PlayListModel.m */ = {isa = PBXFileReference; fileEncoding = 4; lastKnownFileType = sourcecode.c.objc; path = PlayListModel.m; sourceTree = "<group>"; };
/* End PBXFileReference section */

/* Begin PBXFrameworksBuildPhase section */
		14C4138F1BDDC2ED00BD07F4 /* Frameworks */ = {
			isa = PBXFrameworksBuildPhase;
			buildActionMask = 2147483647;
			files = (
			);
			runOnlyForDeploymentPostprocessing = 0;
		};
		14C413A81BDDC2ED00BD07F4 /* Frameworks */ = {
			isa = PBXFrameworksBuildPhase;
			buildActionMask = 2147483647;
			files = (
			);
			runOnlyForDeploymentPostprocessing = 0;
		};
		14C413B31BDDC2ED00BD07F4 /* Frameworks */ = {
			isa = PBXFrameworksBuildPhase;
			buildActionMask = 2147483647;
			files = (
			);
			runOnlyForDeploymentPostprocessing = 0;
		};
/* End PBXFrameworksBuildPhase section */

/* Begin PBXGroup section */
		14C413891BDDC2EC00BD07F4 = {
			isa = PBXGroup;
			children = (
				14C413941BDDC2ED00BD07F4 /* AudioPlayer */,
				14C413AE1BDDC2ED00BD07F4 /* AudioPlayerTests */,
				14C413B91BDDC2ED00BD07F4 /* AudioPlayerUITests */,
				14C413931BDDC2ED00BD07F4 /* Products */,
			);
			sourceTree = "<group>";
		};
		14C413931BDDC2ED00BD07F4 /* Products */ = {
			isa = PBXGroup;
			children = (
				14C413921BDDC2ED00BD07F4 /* AudioPlayer.app */,
				14C413AB1BDDC2ED00BD07F4 /* AudioPlayerTests.xctest */,
				14C413B61BDDC2ED00BD07F4 /* AudioPlayerUITests.xctest */,
			);
			name = Products;
			sourceTree = "<group>";
		};
		14C413941BDDC2ED00BD07F4 /* AudioPlayer */ = {
			isa = PBXGroup;
			children = (
				14C414561BDE4F7100BD07F4 /* Custom */,
				14C413FE1BDE4B6200BD07F4 /* Category */,
				14C413FF1BDE4B6200BD07F4 /* Main */,
				14C4140C1BDE4B6200BD07F4 /* Other */,
				14C414151BDE4B6200BD07F4 /* Third */,
				14C413951BDDC2ED00BD07F4 /* Supporting Files */,
			);
			path = AudioPlayer;
			sourceTree = "<group>";
		};
		14C413951BDDC2ED00BD07F4 /* Supporting Files */ = {
			isa = PBXGroup;
			children = (
				14C4145D1BDE50EE00BD07F4 /* PrefixHeader.pch */,
				14C414121BDE4B6200BD07F4 /* main.m */,
				14C4145B1BDE504D00BD07F4 /* Info.plist */,
				14C4139E1BDDC2ED00BD07F4 /* Main.storyboard */,
				14C413A31BDDC2ED00BD07F4 /* LaunchScreen.storyboard */,
			);
			name = "Supporting Files";
			sourceTree = "<group>";
		};
		14C413AE1BDDC2ED00BD07F4 /* AudioPlayerTests */ = {
			isa = PBXGroup;
			children = (
				14C413AF1BDDC2ED00BD07F4 /* AudioPlayerTests.m */,
				14C413B11BDDC2ED00BD07F4 /* Info.plist */,
			);
			path = AudioPlayerTests;
			sourceTree = "<group>";
		};
		14C413B91BDDC2ED00BD07F4 /* AudioPlayerUITests */ = {
			isa = PBXGroup;
			children = (
				14C413BA1BDDC2ED00BD07F4 /* AudioPlayerUITests.m */,
				14C413BC1BDDC2ED00BD07F4 /* Info.plist */,
			);
			path = AudioPlayerUITests;
			sourceTree = "<group>";
		};
		14C413FE1BDE4B6200BD07F4 /* Category */ = {
			isa = PBXGroup;
			children = (
				1475D9ED1BE056CC00EF80D2 /* UIImage+NJ.h */,
				1475D9EE1BE056CC00EF80D2 /* UIImage+NJ.m */,
				14C414501BDE4F1900BD07F4 /* NSArray+Log.h */,
				14C414511BDE4F1900BD07F4 /* NSArray+Log.m */,
				14C414531BDE4F2A00BD07F4 /* UIView+CGRect.h */,
				14C414541BDE4F2A00BD07F4 /* UIView+CGRect.m */,
			);
			path = Category;
			sourceTree = "<group>";
		};
		14C413FF1BDE4B6200BD07F4 /* Main */ = {
			isa = PBXGroup;
			children = (
				14C414001BDE4B6200BD07F4 /* Player */,
				14C414061BDE4B6200BD07F4 /* PlayList */,
			);
			path = Main;
			sourceTree = "<group>";
		};
		14C414001BDE4B6200BD07F4 /* Player */ = {
			isa = PBXGroup;
			children = (
				14C414011BDE4B6200BD07F4 /* Controller */,
				14C414041BDE4B6200BD07F4 /* Model */,
				14C414051BDE4B6200BD07F4 /* View */,
			);
			path = Player;
			sourceTree = "<group>";
		};
		14C414011BDE4B6200BD07F4 /* Controller */ = {
			isa = PBXGroup;
			children = (
				14C414021BDE4B6200BD07F4 /* PlayerViewController.h */,
				14C414031BDE4B6200BD07F4 /* PlayerViewController.m */,
			);
			path = Controller;
			sourceTree = "<group>";
		};
		14C414041BDE4B6200BD07F4 /* Model */ = {
			isa = PBXGroup;
			children = (
			);
			path = Model;
			sourceTree = "<group>";
		};
		14C414051BDE4B6200BD07F4 /* View */ = {
			isa = PBXGroup;
			children = (
			);
			path = View;
			sourceTree = "<group>";
		};
		14C414061BDE4B6200BD07F4 /* PlayList */ = {
			isa = PBXGroup;
			children = (
				14C414071BDE4B6200BD07F4 /* Controller */,
				14C4140A1BDE4B6200BD07F4 /* Model */,
				14C4140B1BDE4B6200BD07F4 /* View */,
			);
			path = PlayList;
			sourceTree = "<group>";
		};
		14C414071BDE4B6200BD07F4 /* Controller */ = {
			isa = PBXGroup;
			children = (
				14C414081BDE4B6200BD07F4 /* PlayListViewController.h */,
				14C414091BDE4B6200BD07F4 /* PlayListViewController.m */,
			);
			path = Controller;
			sourceTree = "<group>";
		};
		14C4140A1BDE4B6200BD07F4 /* Model */ = {
			isa = PBXGroup;
			children = (
				14C4145E1BDE516200BD07F4 /* PlayListModel.h */,
				14C4145F1BDE516200BD07F4 /* PlayListModel.m */,
			);
			path = Model;
			sourceTree = "<group>";
		};
		14C4140B1BDE4B6200BD07F4 /* View */ = {
			isa = PBXGroup;
			children = (
				14C4144D1BDE4D5F00BD07F4 /* PlayListTableViewCell.h */,
				14C4144E1BDE4D5F00BD07F4 /* PlayListTableViewCell.m */,
			);
			path = View;
			sourceTree = "<group>";
		};
		14C4140C1BDE4B6200BD07F4 /* Other */ = {
			isa = PBXGroup;
			children = (
				14C4140D1BDE4B6200BD07F4 /* AppDelegate.h */,
				14C4140E1BDE4B6200BD07F4 /* AppDelegate.m */,
				14C4140F1BDE4B6200BD07F4 /* Assets.xcassets */,
				14C414111BDE4B6200BD07F4 /* logo.tiff */,
				14C414131BDE4B6200BD07F4 /* ViewController.h */,
				14C414141BDE4B6200BD07F4 /* ViewController.m */,
			);
			path = Other;
			sourceTree = "<group>";
		};
		14C414151BDE4B6200BD07F4 /* Third */ = {
			isa = PBXGroup;
			children = (
				14C414161BDE4B6200BD07F4 /* SDWebImage */,
			);
			path = Third;
			sourceTree = "<group>";
		};
		14C414161BDE4B6200BD07F4 /* SDWebImage */ = {
			isa = PBXGroup;
			children = (
				14C414171BDE4B6200BD07F4 /* NSData+ImageContentType.h */,
				14C414181BDE4B6200BD07F4 /* NSData+ImageContentType.m */,
				14C414191BDE4B6200BD07F4 /* SDImageCache.h */,
				14C4141A1BDE4B6200BD07F4 /* SDImageCache.m */,
				14C4141B1BDE4B6200BD07F4 /* SDWebImageCompat.h */,
				14C4141C1BDE4B6200BD07F4 /* SDWebImageCompat.m */,
				14C4141D1BDE4B6200BD07F4 /* SDWebImageDecoder.h */,
				14C4141E1BDE4B6200BD07F4 /* SDWebImageDecoder.m */,
				14C4141F1BDE4B6200BD07F4 /* SDWebImageDownloader.h */,
				14C414201BDE4B6200BD07F4 /* SDWebImageDownloader.m */,
				14C414211BDE4B6200BD07F4 /* SDWebImageDownloaderOperation.h */,
				14C414221BDE4B6200BD07F4 /* SDWebImageDownloaderOperation.m */,
				14C414231BDE4B6200BD07F4 /* SDWebImageManager.h */,
				14C414241BDE4B6200BD07F4 /* SDWebImageManager.m */,
				14C414251BDE4B6200BD07F4 /* SDWebImageOperation.h */,
				14C414261BDE4B6200BD07F4 /* SDWebImagePrefetcher.h */,
				14C414271BDE4B6200BD07F4 /* SDWebImagePrefetcher.m */,
				14C414281BDE4B6200BD07F4 /* UIButton+WebCache.h */,
				14C414291BDE4B6200BD07F4 /* UIButton+WebCache.m */,
				14C4142A1BDE4B6200BD07F4 /* UIImage+GIF.h */,
				14C4142B1BDE4B6200BD07F4 /* UIImage+GIF.m */,
				14C4142C1BDE4B6200BD07F4 /* UIImage+MultiFormat.h */,
				14C4142D1BDE4B6200BD07F4 /* UIImage+MultiFormat.m */,
				14C4142E1BDE4B6200BD07F4 /* UIImageView+HighlightedWebCache.h */,
				14C4142F1BDE4B6200BD07F4 /* UIImageView+HighlightedWebCache.m */,
				14C414301BDE4B6200BD07F4 /* UIImageView+WebCache.h */,
				14C414311BDE4B6200BD07F4 /* UIImageView+WebCache.m */,
				14C414321BDE4B6200BD07F4 /* UIView+WebCacheOperation.h */,
				14C414331BDE4B6200BD07F4 /* UIView+WebCacheOperation.m */,
			);
			path = SDWebImage;
			sourceTree = "<group>";
		};
		14C414561BDE4F7100BD07F4 /* Custom */ = {
			isa = PBXGroup;
			children = (
				14C414571BDE4F7B00BD07F4 /* EVASingleton.h */,
				1475D9F01BE0576800EF80D2 /* AVPlayerManager.h */,
				1475D9F11BE0576800EF80D2 /* AVPlayerManager.m */,
				1475D9F31BE05AD100EF80D2 /* URL.h */,
			);
			path = Custom;
			sourceTree = "<group>";
		};
/* End PBXGroup section */

/* Begin PBXNativeTarget section */
		14C413911BDDC2ED00BD07F4 /* AudioPlayer */ = {
			isa = PBXNativeTarget;
			buildConfigurationList = 14C413BF1BDDC2ED00BD07F4 /* Build configuration list for PBXNativeTarget "AudioPlayer" */;
			buildPhases = (
				14C4138E1BDDC2ED00BD07F4 /* Sources */,
				14C4138F1BDDC2ED00BD07F4 /* Frameworks */,
				14C413901BDDC2ED00BD07F4 /* Resources */,
			);
			buildRules = (
			);
			dependencies = (
			);
			name = AudioPlayer;
			productName = AudioPlayer;
			productReference = 14C413921BDDC2ED00BD07F4 /* AudioPlayer.app */;
			productType = "com.apple.product-type.application";
		};
		14C413AA1BDDC2ED00BD07F4 /* AudioPlayerTests */ = {
			isa = PBXNativeTarget;
			buildConfigurationList = 14C413C21BDDC2ED00BD07F4 /* Build configuration list for PBXNativeTarget "AudioPlayerTests" */;
			buildPhases = (
				14C413A71BDDC2ED00BD07F4 /* Sources */,
				14C413A81BDDC2ED00BD07F4 /* Frameworks */,
				14C413A91BDDC2ED00BD07F4 /* Resources */,
			);
			buildRules = (
			);
			dependencies = (
				14C413AD1BDDC2ED00BD07F4 /* PBXTargetDependency */,
			);
			name = AudioPlayerTests;
			productName = AudioPlayerTests;
			productReference = 14C413AB1BDDC2ED00BD07F4 /* AudioPlayerTests.xctest */;
			productType = "com.apple.product-type.bundle.unit-test";
		};
		14C413B51BDDC2ED00BD07F4 /* AudioPlayerUITests */ = {
			isa = PBXNativeTarget;
			buildConfigurationList = 14C413C51BDDC2ED00BD07F4 /* Build configuration list for PBXNativeTarget "AudioPlayerUITests" */;
			buildPhases = (
				14C413B21BDDC2ED00BD07F4 /* Sources */,
				14C413B31BDDC2ED00BD07F4 /* Frameworks */,
				14C413B41BDDC2ED00BD07F4 /* Resources */,
			);
			buildRules = (
			);
			dependencies = (
				14C413B81BDDC2ED00BD07F4 /* PBXTargetDependency */,
			);
			name = AudioPlayerUITests;
			productName = AudioPlayerUITests;
			productReference = 14C413B61BDDC2ED00BD07F4 /* AudioPlayerUITests.xctest */;
			productType = "com.apple.product-type.bundle.ui-testing";
		};
/* End PBXNativeTarget section */

/* Begin PBXProject section */
		14C4138A1BDDC2EC00BD07F4 /* Project object */ = {
			isa = PBXProject;
			attributes = {
				LastUpgradeCheck = 0700;
				ORGANIZATIONNAME = lyh;
				TargetAttributes = {
					14C413911BDDC2ED00BD07F4 = {
						CreatedOnToolsVersion = 7.0.1;
						DevelopmentTeam = 54QJF9L7X8;
					};
					14C413AA1BDDC2ED00BD07F4 = {
						CreatedOnToolsVersion = 7.0.1;
						DevelopmentTeam = 54QJF9L7X8;
						TestTargetID = 14C413911BDDC2ED00BD07F4;
					};
					14C413B51BDDC2ED00BD07F4 = {
						CreatedOnToolsVersion = 7.0.1;
						DevelopmentTeam = 54QJF9L7X8;
						TestTargetID = 14C413911BDDC2ED00BD07F4;
					};
				};
			};
			buildConfigurationList = 14C4138D1BDDC2EC00BD07F4 /* Build configuration list for PBXProject "AudioPlayer" */;
			compatibilityVersion = "Xcode 3.2";
			developmentRegion = English;
			hasScannedForEncodings = 0;
			knownRegions = (
				en,
				Base,
			);
			mainGroup = 14C413891BDDC2EC00BD07F4;
			productRefGroup = 14C413931BDDC2ED00BD07F4 /* Products */;
			projectDirPath = "";
			projectRoot = "";
			targets = (
				14C413911BDDC2ED00BD07F4 /* AudioPlayer */,
				14C413AA1BDDC2ED00BD07F4 /* AudioPlayerTests */,
				14C413B51BDDC2ED00BD07F4 /* AudioPlayerUITests */,
			);
		};
/* End PBXProject section */

/* Begin PBXResourcesBuildPhase section */
		14C413901BDDC2ED00BD07F4 /* Resources */ = {
			isa = PBXResourcesBuildPhase;
			buildActionMask = 2147483647;
			files = (
				14C413A51BDDC2ED00BD07F4 /* LaunchScreen.storyboard in Resources */,
				14C414371BDE4B6200BD07F4 /* Assets.xcassets in Resources */,
				14C413A01BDDC2ED00BD07F4 /* Main.storyboard in Resources */,
				14C4145C1BDE504D00BD07F4 /* Info.plist in Resources */,
				14C414391BDE4B6200BD07F4 /* logo.tiff in Resources */,
			);
			runOnlyForDeploymentPostprocessing = 0;
		};
		14C413A91BDDC2ED00BD07F4 /* Resources */ = {
			isa = PBXResourcesBuildPhase;
			buildActionMask = 2147483647;
			files = (
			);
			runOnlyForDeploymentPostprocessing = 0;
		};
		14C413B41BDDC2ED00BD07F4 /* Resources */ = {
			isa = PBXResourcesBuildPhase;
			buildActionMask = 2147483647;
			files = (
			);
			runOnlyForDeploymentPostprocessing = 0;
		};
/* End PBXResourcesBuildPhase section */

/* Begin PBXSourcesBuildPhase section */
		14C4138E1BDDC2ED00BD07F4 /* Sources */ = {
			isa = PBXSourcesBuildPhase;
			buildActionMask = 2147483647;
			files = (
				14C414471BDE4B6200BD07F4 /* UIImageView+HighlightedWebCache.m in Sources */,
				14C414461BDE4B6200BD07F4 /* UIImage+MultiFormat.m in Sources */,
				14C414411BDE4B6200BD07F4 /* SDWebImageDownloaderOperation.m in Sources */,
				14C414351BDE4B6200BD07F4 /* PlayListViewController.m in Sources */,
				1475D9F21BE0576800EF80D2 /* AVPlayerManager.m in Sources */,
				14C4143E1BDE4B6200BD07F4 /* SDWebImageCompat.m in Sources */,
				14C414491BDE4B6200BD07F4 /* UIView+WebCacheOperation.m in Sources */,
				14C414451BDE4B6200BD07F4 /* UIImage+GIF.m in Sources */,
				14C414601BDE516200BD07F4 /* PlayListModel.m in Sources */,
				14C414431BDE4B6200BD07F4 /* SDWebImagePrefetcher.m in Sources */,
				14C414341BDE4B6200BD07F4 /* PlayerViewController.m in Sources */,
				14C4143A1BDE4B6200BD07F4 /* main.m in Sources */,
				1475D9EF1BE056CC00EF80D2 /* UIImage+NJ.m in Sources */,
				14C414401BDE4B6200BD07F4 /* SDWebImageDownloader.m in Sources */,
				14C414441BDE4B6200BD07F4 /* UIButton+WebCache.m in Sources */,
				14C414361BDE4B6200BD07F4 /* AppDelegate.m in Sources */,
				14C4143C1BDE4B6200BD07F4 /* NSData+ImageContentType.m in Sources */,
				14C414551BDE4F2A00BD07F4 /* UIView+CGRect.m in Sources */,
				14C4143B1BDE4B6200BD07F4 /* ViewController.m in Sources */,
				14C414521BDE4F1900BD07F4 /* NSArray+Log.m in Sources */,
				14C414481BDE4B6200BD07F4 /* UIImageView+WebCache.m in Sources */,
				14C414421BDE4B6200BD07F4 /* SDWebImageManager.m in Sources */,
				14C4143F1BDE4B6200BD07F4 /* SDWebImageDecoder.m in Sources */,
				14C4143D1BDE4B6200BD07F4 /* SDImageCache.m in Sources */,
				14C4144F1BDE4D5F00BD07F4 /* PlayListTableViewCell.m in Sources */,
			);
			runOnlyForDeploymentPostprocessing = 0;
		};
		14C413A71BDDC2ED00BD07F4 /* Sources */ = {
			isa = PBXSourcesBuildPhase;
			buildActionMask = 2147483647;
			files = (
				14C413B01BDDC2ED00BD07F4 /* AudioPlayerTests.m in Sources */,
			);
			runOnlyForDeploymentPostprocessing = 0;
		};
		14C413B21BDDC2ED00BD07F4 /* Sources */ = {
			isa = PBXSourcesBuildPhase;
			buildActionMask = 2147483647;
			files = (
				14C413BB1BDDC2ED00BD07F4 /* AudioPlayerUITests.m in Sources */,
			);
			runOnlyForDeploymentPostprocessing = 0;
		};
/* End PBXSourcesBuildPhase section */

/* Begin PBXTargetDependency section */
		14C413AD1BDDC2ED00BD07F4 /* PBXTargetDependency */ = {
			isa = PBXTargetDependency;
			target = 14C413911BDDC2ED00BD07F4 /* AudioPlayer */;
			targetProxy = 14C413AC1BDDC2ED00BD07F4 /* PBXContainerItemProxy */;
		};
		14C413B81BDDC2ED00BD07F4 /* PBXTargetDependency */ = {
			isa = PBXTargetDependency;
			target = 14C413911BDDC2ED00BD07F4 /* AudioPlayer */;
			targetProxy = 14C413B71BDDC2ED00BD07F4 /* PBXContainerItemProxy */;
		};
/* End PBXTargetDependency section */

/* Begin PBXVariantGroup section */
		14C4139E1BDDC2ED00BD07F4 /* Main.storyboard */ = {
			isa = PBXVariantGroup;
			children = (
				14C4139F1BDDC2ED00BD07F4 /* Base */,
			);
			name = Main.storyboard;
			sourceTree = "<group>";
		};
		14C413A31BDDC2ED00BD07F4 /* LaunchScreen.storyboard */ = {
			isa = PBXVariantGroup;
			children = (
				14C413A41BDDC2ED00BD07F4 /* Base */,
			);
			name = LaunchScreen.storyboard;
			sourceTree = "<group>";
		};
/* End PBXVariantGroup section */

/* Begin XCBuildConfiguration section */
		14C413BD1BDDC2ED00BD07F4 /* Debug */ = {
			isa = XCBuildConfiguration;
			buildSettings = {
				ALWAYS_SEARCH_USER_PATHS = NO;
				CLANG_CXX_LANGUAGE_STANDARD = "gnu++0x";
				CLANG_CXX_LIBRARY = "libc++";
				CLANG_ENABLE_MODULES = YES;
				CLANG_ENABLE_OBJC_ARC = YES;
				CLANG_WARN_BOOL_CONVERSION = YES;
				CLANG_WARN_CONSTANT_CONVERSION = YES;
				CLANG_WARN_DIRECT_OBJC_ISA_USAGE = YES_ERROR;
				CLANG_WARN_EMPTY_BODY = YES;
				CLANG_WARN_ENUM_CONVERSION = YES;
				CLANG_WARN_INT_CONVERSION = YES;
				CLANG_WARN_OBJC_ROOT_CLASS = YES_ERROR;
				CLANG_WARN_UNREACHABLE_CODE = YES;
				CLANG_WARN__DUPLICATE_METHOD_MATCH = YES;
				"CODE_SIGN_IDENTITY[sdk=iphoneos*]" = "iPhone Developer";
				COPY_PHASE_STRIP = NO;
				DEBUG_INFORMATION_FORMAT = dwarf;
				ENABLE_STRICT_OBJC_MSGSEND = YES;
				ENABLE_TESTABILITY = YES;
				GCC_C_LANGUAGE_STANDARD = gnu99;
				GCC_DYNAMIC_NO_PIC = NO;
				GCC_NO_COMMON_BLOCKS = YES;
				GCC_OPTIMIZATION_LEVEL = 0;
				GCC_PREPROCESSOR_DEFINITIONS = (
					"DEBUG=1",
					"$(inherited)",
				);
				GCC_WARN_64_TO_32_BIT_CONVERSION = YES;
				GCC_WARN_ABOUT_RETURN_TYPE = YES_ERROR;
				GCC_WARN_UNDECLARED_SELECTOR = YES;
				GCC_WARN_UNINITIALIZED_AUTOS = YES_AGGRESSIVE;
				GCC_WARN_UNUSED_FUNCTION = YES;
				GCC_WARN_UNUSED_VARIABLE = YES;
				IPHONEOS_DEPLOYMENT_TARGET = 9.0;
				MTL_ENABLE_DEBUG_INFO = YES;
				ONLY_ACTIVE_ARCH = YES;
				SDKROOT = iphoneos;
			};
			name = Debug;
		};
		14C413BE1BDDC2ED00BD07F4 /* Release */ = {
			isa = XCBuildConfiguration;
			buildSettings = {
				ALWAYS_SEARCH_USER_PATHS = NO;
				CLANG_CXX_LANGUAGE_STANDARD = "gnu++0x";
				CLANG_CXX_LIBRARY = "libc++";
				CLANG_ENABLE_MODULES = YES;
				CLANG_ENABLE_OBJC_ARC = YES;
				CLANG_WARN_BOOL_CONVERSION = YES;
				CLANG_WARN_CONSTANT_CONVERSION = YES;
				CLANG_WARN_DIRECT_OBJC_ISA_USAGE = YES_ERROR;
				CLANG_WARN_EMPTY_BODY = YES;
				CLANG_WARN_ENUM_CONVERSION = YES;
				CLANG_WARN_INT_CONVERSION = YES;
				CLANG_WARN_OBJC_ROOT_CLASS = YES_ERROR;
				CLANG_WARN_UNREACHABLE_CODE = YES;
				CLANG_WARN__DUPLICATE_METHOD_MATCH = YES;
				"CODE_SIGN_IDENTITY[sdk=iphoneos*]" = "iPhone Developer";
				COPY_PHASE_STRIP = NO;
				DEBUG_INFORMATION_FORMAT = "dwarf-with-dsym";
				ENABLE_NS_ASSERTIONS = NO;
				ENABLE_STRICT_OBJC_MSGSEND = YES;
				GCC_C_LANGUAGE_STANDARD = gnu99;
				GCC_NO_COMMON_BLOCKS = YES;
				GCC_WARN_64_TO_32_BIT_CONVERSION = YES;
				GCC_WARN_ABOUT_RETURN_TYPE = YES_ERROR;
				GCC_WARN_UNDECLARED_SELECTOR = YES;
				GCC_WARN_UNINITIALIZED_AUTOS = YES_AGGRESSIVE;
				GCC_WARN_UNUSED_FUNCTION = YES;
				GCC_WARN_UNUSED_VARIABLE = YES;
				IPHONEOS_DEPLOYMENT_TARGET = 9.0;
				MTL_ENABLE_DEBUG_INFO = NO;
				SDKROOT = iphoneos;
				VALIDATE_PRODUCT = YES;
			};
			name = Release;
		};
		14C413C01BDDC2ED00BD07F4 /* Debug */ = {
			isa = XCBuildConfiguration;
			buildSettings = {
				ASSETCATALOG_COMPILER_APPICON_NAME = AppIcon;
				GCC_PRECOMPILE_PREFIX_HEADER = YES;
				GCC_PREFIX_HEADER = "$(SRCROOT)/AudioPlayer/PrefixHeader.pch";
				INFOPLIST_FILE = AudioPlayer/Info.plist;
				LD_RUNPATH_SEARCH_PATHS = "$(inherited) @executable_path/Frameworks";
				PRODUCT_BUNDLE_IDENTIFIER = i8023eva.AudioPlayer;
				PRODUCT_NAME = "$(TARGET_NAME)";
			};
			name = Debug;
		};
		14C413C11BDDC2ED00BD07F4 /* Release */ = {
			isa = XCBuildConfiguration;
			buildSettings = {
				ASSETCATALOG_COMPILER_APPICON_NAME = AppIcon;
				GCC_PRECOMPILE_PREFIX_HEADER = YES;
				GCC_PREFIX_HEADER = "$(SRCROOT)/AudioPlayer/PrefixHeader.pch";
				INFOPLIST_FILE = AudioPlayer/Info.plist;
				LD_RUNPATH_SEARCH_PATHS = "$(inherited) @executable_path/Frameworks";
				PRODUCT_BUNDLE_IDENTIFIER = i8023eva.AudioPlayer;
				PRODUCT_NAME = "$(TARGET_NAME)";
			};
			name = Release;
		};
		14C413C31BDDC2ED00BD07F4 /* Debug */ = {
			isa = XCBuildConfiguration;
			buildSettings = {
				BUNDLE_LOADER = "$(TEST_HOST)";
				INFOPLIST_FILE = AudioPlayerTests/Info.plist;
				LD_RUNPATH_SEARCH_PATHS = "$(inherited) @executable_path/Frameworks @loader_path/Frameworks";
				PRODUCT_BUNDLE_IDENTIFIER = i8023eva.AudioPlayerTests;
				PRODUCT_NAME = "$(TARGET_NAME)";
				TEST_HOST = "$(BUILT_PRODUCTS_DIR)/AudioPlayer.app/AudioPlayer";
			};
			name = Debug;
		};
		14C413C41BDDC2ED00BD07F4 /* Release */ = {
			isa = XCBuildConfiguration;
			buildSettings = {
				BUNDLE_LOADER = "$(TEST_HOST)";
				INFOPLIST_FILE = AudioPlayerTests/Info.plist;
				LD_RUNPATH_SEARCH_PATHS = "$(inherited) @executable_path/Frameworks @loader_path/Frameworks";
				PRODUCT_BUNDLE_IDENTIFIER = i8023eva.AudioPlayerTests;
				PRODUCT_NAME = "$(TARGET_NAME)";
				TEST_HOST = "$(BUILT_PRODUCTS_DIR)/AudioPlayer.app/AudioPlayer";
			};
			name = Release;
		};
		14C413C61BDDC2ED00BD07F4 /* Debug */ = {
			isa = XCBuildConfiguration;
			buildSettings = {
				INFOPLIST_FILE = AudioPlayerUITests/Info.plist;
				LD_RUNPATH_SEARCH_PATHS = "$(inherited) @executable_path/Frameworks @loader_path/Frameworks";
				PRODUCT_BUNDLE_IDENTIFIER = i8023eva.AudioPlayerUITests;
				PRODUCT_NAME = "$(TARGET_NAME)";
				TEST_TARGET_NAME = AudioPlayer;
				USES_XCTRUNNER = YES;
			};
			name = Debug;
		};
		14C413C71BDDC2ED00BD07F4 /* Release */ = {
			isa = XCBuildConfiguration;
			buildSettings = {
				INFOPLIST_FILE = AudioPlayerUITests/Info.plist;
				LD_RUNPATH_SEARCH_PATHS = "$(inherited) @executable_path/Frameworks @loader_path/Frameworks";
				PRODUCT_BUNDLE_IDENTIFIER = i8023eva.AudioPlayerUITests;
				PRODUCT_NAME = "$(TARGET_NAME)";
				TEST_TARGET_NAME = AudioPlayer;
				USES_XCTRUNNER = YES;
			};
			name = Release;
		};
/* End XCBuildConfiguration section */

/* Begin XCConfigurationList section */
		14C4138D1BDDC2EC00BD07F4 /* Build configuration list for PBXProject "AudioPlayer" */ = {
			isa = XCConfigurationList;
			buildConfigurations = (
				14C413BD1BDDC2ED00BD07F4 /* Debug */,
				14C413BE1BDDC2ED00BD07F4 /* Release */,
			);
			defaultConfigurationIsVisible = 0;
			defaultConfigurationName = Release;
		};
		14C413BF1BDDC2ED00BD07F4 /* Build configuration list for PBXNativeTarget "AudioPlayer" */ = {
			isa = XCConfigurationList;
			buildConfigurations = (
				14C413C01BDDC2ED00BD07F4 /* Debug */,
				14C413C11BDDC2ED00BD07F4 /* Release */,
			);
			defaultConfigurationIsVisible = 0;
			defaultConfigurationName = Release;
		};
		14C413C21BDDC2ED00BD07F4 /* Build configuration list for PBXNativeTarget "AudioPlayerTests" */ = {
			isa = XCConfigurationList;
			buildConfigurations = (
				14C413C31BDDC2ED00BD07F4 /* Debug */,
				14C413C41BDDC2ED00BD07F4 /* Release */,
			);
			defaultConfigurationIsVisible = 0;
			defaultConfigurationName = Release;
		};
		14C413C51BDDC2ED00BD07F4 /* Build configuration list for PBXNativeTarget "AudioPlayerUITests" */ = {
			isa = XCConfigurationList;
			buildConfigurations = (
				14C413C61BDDC2ED00BD07F4 /* Debug */,
				14C413C71BDDC2ED00BD07F4 /* Release */,
			);
			defaultConfigurationIsVisible = 0;
			defaultConfigurationName = Release;
		};
/* End XCConfigurationList section */
	};
	rootObject = 14C4138A1BDDC2EC00BD07F4 /* Project object */;
}
